# THIS IS AN AUTOGENERATED FILE. DO NOT EDIT THIS FILE DIRECTLY.
# yarn lockfile v1


useless-print@^1.2.2:
  version "1.2.2"
  resolved "https://registry.yarnpkg.com/useless-print/-/useless-print-1.2.2.tgz#0185005cf8e211c9369005f5e50d1b6aea6a3c82"
  integrity sha512-PwUD01U+JPQ8bspjWjp+XS8qbuSEKmIr0NvuRQm1+P+2d+BcuU09xaiFoPQKDhkXsTz8cdNC2V5IgQQs2kG1mw==
